
Microsoft Visual Studio Solution File, Format Version 12.00
# Visual Studio 14
VisualStudioVersion = 14.0.25420.1
MinimumVisualStudioVersion = 10.0.40219.1
Project("{FAE04EC0-301F-11D3-BF4B-00C04F79EFBC}") = "Pentia.Foundation.DynamicPlaceholderKeys", "src\Foundation\DynamicPlaceholderKeys\code\Pentia.Foundation.DynamicPlaceholderKeys.csproj", "{4D14A84C-052E-4302-8982-FACAAEA2AC88}"
EndProject
Project("{2150E333-8FDC-42A3-9474-1A3956D46DE8}") = "Solution Items", "Solution Items", "{7CF7E85A-96B4-40D3-8FEC-DFC6422ACAFE}"
	ProjectSection(SolutionItems) = preProject
		Package.nuspec = Package.nuspec
	EndProjectSection
EndProject
Global
	GlobalSection(SolutionConfigurationPlatforms) = preSolution
		Debug|Any CPU = Debug|Any CPU
		Dev|Any CPU = Dev|Any CPU
		Release|Any CPU = Release|Any CPU
		Test|Any CPU = Test|Any CPU
	EndGlobalSection
	GlobalSection(ProjectConfigurationPlatforms) = postSolution
		{4D14A84C-052E-4302-8982-FACAAEA2AC88}.Debug|Any CPU.ActiveCfg = Debug|Any CPU
		{4D14A84C-052E-4302-8982-FACAAEA2AC88}.Debug|Any CPU.Build.0 = Debug|Any CPU
		{4D14A84C-052E-4302-8982-FACAAEA2AC88}.Dev|Any CPU.ActiveCfg = Dev|Any CPU
		{4D14A84C-052E-4302-8982-FACAAEA2AC88}.Dev|Any CPU.Build.0 = Dev|Any CPU
		{4D14A84C-052E-4302-8982-FACAAEA2AC88}.Release|Any CPU.ActiveCfg = Release|Any CPU
		{4D14A84C-052E-4302-8982-FACAAEA2AC88}.Release|Any CPU.Build.0 = Release|Any CPU
		{4D14A84C-052E-4302-8982-FACAAEA2AC88}.Test|Any CPU.ActiveCfg = Test|Any CPU
		{4D14A84C-052E-4302-8982-FACAAEA2AC88}.Test|Any CPU.Build.0 = Test|Any CPU
	EndGlobalSection
	GlobalSection(SolutionProperties) = preSolution
		HideSolutionNode = FALSE
	EndGlobalSection
	GlobalSection(ExtensibilityGlobals) = postSolution
		VisualSVNWorkingCopyRoot = .
	EndGlobalSection
EndGlobal
